
Microsoft Visual Studio Solution File, Format Version 12.00
Project("{FAE04EC0-301F-11D3-BF4B-00C04F79EFBC}") = "GraphApiBasics", "GraphApiBasics\GraphApiBasics.csproj", "{D50D3D11-C91F-41E7-9DED-75D27283530B}"
EndProject
Global
	GlobalSection(SolutionConfigurationPlatforms) = preSolution
		Debug|Any CPU = Debug|Any CPU
		Release|Any CPU = Release|Any CPU
	EndGlobalSection
	GlobalSection(ProjectConfigurationPlatforms) = postSolution
		{D50D3D11-C91F-41E7-9DED-75D27283530B}.Debug|Any CPU.ActiveCfg = Debug|Any CPU
		{D50D3D11-C91F-41E7-9DED-75D27283530B}.Debug|Any CPU.Build.0 = Debug|Any CPU
		{D50D3D11-C91F-41E7-9DED-75D27283530B}.Release|Any CPU.ActiveCfg = Release|Any CPU
		{D50D3D11-C91F-41E7-9DED-75D27283530B}.Release|Any CPU.Build.0 = Release|Any CPU
	EndGlobalSection
EndGlobal
